
Microsoft Visual Studio Solution File, Format Version 12.00
# Visual Studio Version 17
VisualStudioVersion = 17.0.31903.59
MinimumVisualStudioVersion = 10.0.40219.1
Project("{2150E333-8FDC-42A3-9474-1A3956D46DE8}") = "src", "src", "{827E0CD3-B72D-47B6-A68D-7590B98EB39B}"
EndProject
Project("{FAE04EC0-301F-11D3-BF4B-00C04F79EFBC}") = "RentalSystem.Domain", "src\RentalSystem.Domain\RentalSystem.Domain.csproj", "{D88606F9-9F15-4A02-BC7C-26AB3598293D}"
EndProject
Project("{FAE04EC0-301F-11D3-BF4B-00C04F79EFBC}") = "RentalSystem.Application", "src\RentalSystem.Application\RentalSystem.Application.csproj", "{627AA59B-29C7-44F1-9FB6-900EC3C6A5FF}"
EndProject
Project("{FAE04EC0-301F-11D3-BF4B-00C04F79EFBC}") = "RentalSystem.Infrastructure", "src\RentalSystem.Infrastructure\RentalSystem.Infrastructure.csproj", "{7F2D6180-CA76-48F7-A078-D2224F7586B2}"
EndProject
Project("{FAE04EC0-301F-11D3-BF4B-00C04F79EFBC}") = "RentalSystem.API", "src\RentalSystem.API\RentalSystem.API.csproj", "{26CF2A02-46DB-4819-A913-54839D457CDC}"
EndProject
Global
	GlobalSection(SolutionConfigurationPlatforms) = preSolution
		Debug|Any CPU = Debug|Any CPU
		Debug|x64 = Debug|x64
		Debug|x86 = Debug|x86
		Release|Any CPU = Release|Any CPU
		Release|x64 = Release|x64
		Release|x86 = Release|x86
	EndGlobalSection
	GlobalSection(ProjectConfigurationPlatforms) = postSolution
		{D88606F9-9F15-4A02-BC7C-26AB3598293D}.Debug|Any CPU.ActiveCfg = Debug|Any CPU
		{D88606F9-9F15-4A02-BC7C-26AB3598293D}.Debug|Any CPU.Build.0 = Debug|Any CPU
		{D88606F9-9F15-4A02-BC7C-26AB3598293D}.Debug|x64.ActiveCfg = Debug|Any CPU
		{D88606F9-9F15-4A02-BC7C-26AB3598293D}.Debug|x64.Build.0 = Debug|Any CPU
		{D88606F9-9F15-4A02-BC7C-26AB3598293D}.Debug|x86.ActiveCfg = Debug|Any CPU
		{D88606F9-9F15-4A02-BC7C-26AB3598293D}.Debug|x86.Build.0 = Debug|Any CPU
		{D88606F9-9F15-4A02-BC7C-26AB3598293D}.Release|Any CPU.ActiveCfg = Release|Any CPU
		{D88606F9-9F15-4A02-BC7C-26AB3598293D}.Release|Any CPU.Build.0 = Release|Any CPU
		{D88606F9-9F15-4A02-BC7C-26AB3598293D}.Release|x64.ActiveCfg = Release|Any CPU
		{D88606F9-9F15-4A02-BC7C-26AB3598293D}.Release|x64.Build.0 = Release|Any CPU
		{D88606F9-9F15-4A02-BC7C-26AB3598293D}.Release|x86.ActiveCfg = Release|Any CPU
		{D88606F9-9F15-4A02-BC7C-26AB3598293D}.Release|x86.Build.0 = Release|Any CPU
		{627AA59B-29C7-44F1-9FB6-900EC3C6A5FF}.Debug|Any CPU.ActiveCfg = Debug|Any CPU
		{627AA59B-29C7-44F1-9FB6-900EC3C6A5FF}.Debug|Any CPU.Build.0 = Debug|Any CPU
		{627AA59B-29C7-44F1-9FB6-900EC3C6A5FF}.Debug|x64.ActiveCfg = Debug|Any CPU
		{627AA59B-29C7-44F1-9FB6-900EC3C6A5FF}.Debug|x64.Build.0 = Debug|Any CPU
		{627AA59B-29C7-44F1-9FB6-900EC3C6A5FF}.Debug|x86.ActiveCfg = Debug|Any CPU
		{627AA59B-29C7-44F1-9FB6-900EC3C6A5FF}.Debug|x86.Build.0 = Debug|Any CPU
		{627AA59B-29C7-44F1-9FB6-900EC3C6A5FF}.Release|Any CPU.ActiveCfg = Release|Any CPU
		{627AA59B-29C7-44F1-9FB6-900EC3C6A5FF}.Release|Any CPU.Build.0 = Release|Any CPU
		{627AA59B-29C7-44F1-9FB6-900EC3C6A5FF}.Release|x64.ActiveCfg = Release|Any CPU
		{627AA59B-29C7-44F1-9FB6-900EC3C6A5FF}.Release|x64.Build.0 = Release|Any CPU
		{627AA59B-29C7-44F1-9FB6-900EC3C6A5FF}.Release|x86.ActiveCfg = Release|Any CPU
		{627AA59B-29C7-44F1-9FB6-900EC3C6A5FF}.Release|x86.Build.0 = Release|Any CPU
		{7F2D6180-CA76-48F7-A078-D2224F7586B2}.Debug|Any CPU.ActiveCfg = Debug|Any CPU
		{7F2D6180-CA76-48F7-A078-D2224F7586B2}.Debug|Any CPU.Build.0 = Debug|Any CPU
		{7F2D6180-CA76-48F7-A078-D2224F7586B2}.Debug|x64.ActiveCfg = Debug|Any CPU
		{7F2D6180-CA76-48F7-A078-D2224F7586B2}.Debug|x64.Build.0 = Debug|Any CPU
		{7F2D6180-CA76-48F7-A078-D2224F7586B2}.Debug|x86.ActiveCfg = Debug|Any CPU
		{7F2D6180-CA76-48F7-A078-D2224F7586B2}.Debug|x86.Build.0 = Debug|Any CPU
		{7F2D6180-CA76-48F7-A078-D2224F7586B2}.Release|Any CPU.ActiveCfg = Release|Any CPU
		{7F2D6180-CA76-48F7-A078-D2224F7586B2}.Release|Any CPU.Build.0 = Release|Any CPU
		{7F2D6180-CA76-48F7-A078-D2224F7586B2}.Release|x64.ActiveCfg = Release|Any CPU
		{7F2D6180-CA76-48F7-A078-D2224F7586B2}.Release|x64.Build.0 = Release|Any CPU
		{7F2D6180-CA76-48F7-A078-D2224F7586B2}.Release|x86.ActiveCfg = Release|Any CPU
		{7F2D6180-CA76-48F7-A078-D2224F7586B2}.Release|x86.Build.0 = Release|Any CPU
		{26CF2A02-46DB-4819-A913-54839D457CDC}.Debug|Any CPU.ActiveCfg = Debug|Any CPU
		{26CF2A02-46DB-4819-A913-54839D457CDC}.Debug|Any CPU.Build.0 = Debug|Any CPU
		{26CF2A02-46DB-4819-A913-54839D457CDC}.Debug|x64.ActiveCfg = Debug|Any CPU
		{26CF2A02-46DB-4819-A913-54839D457CDC}.Debug|x64.Build.0 = Debug|Any CPU
		{26CF2A02-46DB-4819-A913-54839D457CDC}.Debug|x86.ActiveCfg = Debug|Any CPU
		{26CF2A02-46DB-4819-A913-54839D457CDC}.Debug|x86.Build.0 = Debug|Any CPU
		{26CF2A02-46DB-4819-A913-54839D457CDC}.Release|Any CPU.ActiveCfg = Release|Any CPU
		{26CF2A02-46DB-4819-A913-54839D457CDC}.Release|Any CPU.Build.0 = Release|Any CPU
		{26CF2A02-46DB-4819-A913-54839D457CDC}.Release|x64.ActiveCfg = Release|Any CPU
		{26CF2A02-46DB-4819-A913-54839D457CDC}.Release|x64.Build.0 = Release|Any CPU
		{26CF2A02-46DB-4819-A913-54839D457CDC}.Release|x86.ActiveCfg = Release|Any CPU
		{26CF2A02-46DB-4819-A913-54839D457CDC}.Release|x86.Build.0 = Release|Any CPU
	EndGlobalSection
	GlobalSection(SolutionProperties) = preSolution
		HideSolutionNode = FALSE
	EndGlobalSection
	GlobalSection(NestedProjects) = preSolution
		{D88606F9-9F15-4A02-BC7C-26AB3598293D} = {827E0CD3-B72D-47B6-A68D-7590B98EB39B}
		{627AA59B-29C7-44F1-9FB6-900EC3C6A5FF} = {827E0CD3-B72D-47B6-A68D-7590B98EB39B}
		{7F2D6180-CA76-48F7-A078-D2224F7586B2} = {827E0CD3-B72D-47B6-A68D-7590B98EB39B}
		{26CF2A02-46DB-4819-A913-54839D457CDC} = {827E0CD3-B72D-47B6-A68D-7590B98EB39B}
	EndGlobalSection
EndGlobal
